
Microsoft Visual Studio Solution File, Format Version 12.00
# Visual Studio Version 17
VisualStudioVersion = 17.9.34701.34
MinimumVisualStudioVersion = 10.0.40219.1
Project("{FAE04EC0-301F-11D3-BF4B-00C04F79EFBC}") = "IlluviumTest", "IlluviumTest.csproj", "{CE116EC0-04E2-45CC-BB5B-8D22973AFB23}"
EndProject
Global
	GlobalSection(SolutionConfigurationPlatforms) = preSolution
		Debug|Any CPU = Debug|Any CPU
		Release|Any CPU = Release|Any CPU
	EndGlobalSection
	GlobalSection(ProjectConfigurationPlatforms) = postSolution
		{CE116EC0-04E2-45CC-BB5B-8D22973AFB23}.Debug|Any CPU.ActiveCfg = Debug|Any CPU
		{CE116EC0-04E2-45CC-BB5B-8D22973AFB23}.Debug|Any CPU.Build.0 = Debug|Any CPU
		{CE116EC0-04E2-45CC-BB5B-8D22973AFB23}.Release|Any CPU.ActiveCfg = Release|Any CPU
		{CE116EC0-04E2-45CC-BB5B-8D22973AFB23}.Release|Any CPU.Build.0 = Release|Any CPU
	EndGlobalSection
	GlobalSection(SolutionProperties) = preSolution
		HideSolutionNode = FALSE
	EndGlobalSection
	GlobalSection(ExtensibilityGlobals) = postSolution
		SolutionGuid = {8483678A-CD7A-4178-8A8B-10F878476447}
	EndGlobalSection
EndGlobal
